
Microsoft Visual Studio Solution File, Format Version 12.00
# Visual Studio 2013
VisualStudioVersion = 12.0.30110.0
MinimumVisualStudioVersion = 10.0.40219.1
Project("{8BC9CEB8-8B4A-11D0-8D11-00A0C91BC942}") = "Library", "Library\Library.vcxproj", "{FF2376E7-5637-46A4-AE1B-A083D7588552}"
EndProject
Project("{8BC9CEB8-8B4A-11D0-8D11-00A0C91BC942}") = "Tests", "Tests\Tests.vcxproj", "{3E64C06E-02CC-4183-92B2-6012CB975413}"
EndProject
Project("{8BC9CEB8-8B4A-11D0-8D11-00A0C91BC942}") = "Jana", "Jana\Jana.vcxproj", "{3F6DE0CB-51FB-4CB7-A0E1-D933D5886C5E}"
EndProject
Project("{8BC9CEB8-8B4A-11D0-8D11-00A0C91BC942}") = "Benchmarks", "Benchmarks\Benchmarks.vcxproj", "{4F69203B-0EA6-4D21-B617-86CAF4B4DC85}"
EndProject
Project("{2150E333-8FDC-42A3-9474-1A3956D46DE8}") = "Solution Items", "Solution Items", "{CF983026-1744-4F84-B52A-3797F2A4BADE}"
EndProject
Global
	GlobalSection(SolutionConfigurationPlatforms) = preSolution
		Debug|Any CPU = Debug|Any CPU
		Debug|Mixed Platforms = Debug|Mixed Platforms
		Debug|Win32 = Debug|Win32
		Debug|x64 = Debug|x64
		Debug|x86 = Debug|x86
		Release|Any CPU = Release|Any CPU
		Release|Mixed Platforms = Release|Mixed Platforms
		Release|Win32 = Release|Win32
		Release|x64 = Release|x64
		Release|x86 = Release|x86
		SQLite Debug|Any CPU = SQLite Debug|Any CPU
		SQLite Debug|Mixed Platforms = SQLite Debug|Mixed Platforms
		SQLite Debug|Win32 = SQLite Debug|Win32
		SQLite Debug|x64 = SQLite Debug|x64
		SQLite Debug|x86 = SQLite Debug|x86
	EndGlobalSection
	GlobalSection(ProjectConfigurationPlatforms) = postSolution
		{FF2376E7-5637-46A4-AE1B-A083D7588552}.Debug|Any CPU.ActiveCfg = Debug|Win32
		{FF2376E7-5637-46A4-AE1B-A083D7588552}.Debug|Mixed Platforms.ActiveCfg = Debug|Win32
		{FF2376E7-5637-46A4-AE1B-A083D7588552}.Debug|Mixed Platforms.Build.0 = Debug|Win32
		{FF2376E7-5637-46A4-AE1B-A083D7588552}.Debug|Win32.ActiveCfg = Debug|Win32
		{FF2376E7-5637-46A4-AE1B-A083D7588552}.Debug|Win32.Build.0 = Debug|Win32
		{FF2376E7-5637-46A4-AE1B-A083D7588552}.Debug|x64.ActiveCfg = Debug|Win32
		{FF2376E7-5637-46A4-AE1B-A083D7588552}.Debug|x86.ActiveCfg = Debug|Win32
		{FF2376E7-5637-46A4-AE1B-A083D7588552}.Release|Any CPU.ActiveCfg = Release|Win32
		{FF2376E7-5637-46A4-AE1B-A083D7588552}.Release|Any CPU.Build.0 = Release|Win32
		{FF2376E7-5637-46A4-AE1B-A083D7588552}.Release|Mixed Platforms.ActiveCfg = Release|Win32
		{FF2376E7-5637-46A4-AE1B-A083D7588552}.Release|Mixed Platforms.Build.0 = Release|Win32
		{FF2376E7-5637-46A4-AE1B-A083D7588552}.Release|Win32.ActiveCfg = Release|Win32
		{FF2376E7-5637-46A4-AE1B-A083D7588552}.Release|Win32.Build.0 = Release|Win32
		{FF2376E7-5637-46A4-AE1B-A083D7588552}.Release|x64.ActiveCfg = Release|Win32
		{FF2376E7-5637-46A4-AE1B-A083D7588552}.Release|x86.ActiveCfg = Release|Win32
		{FF2376E7-5637-46A4-AE1B-A083D7588552}.SQLite Debug|Any CPU.ActiveCfg = SQLite Debug|Win32
		{FF2376E7-5637-46A4-AE1B-A083D7588552}.SQLite Debug|Any CPU.Build.0 = SQLite Debug|Win32
		{FF2376E7-5637-46A4-AE1B-A083D7588552}.SQLite Debug|Mixed Platforms.ActiveCfg = SQLite Debug|Win32
		{FF2376E7-5637-46A4-AE1B-A083D7588552}.SQLite Debug|Mixed Platforms.Build.0 = SQLite Debug|Win32
		{FF2376E7-5637-46A4-AE1B-A083D7588552}.SQLite Debug|Win32.ActiveCfg = SQLite Debug|Win32
		{FF2376E7-5637-46A4-AE1B-A083D7588552}.SQLite Debug|Win32.Build.0 = SQLite Debug|Win32
		{FF2376E7-5637-46A4-AE1B-A083D7588552}.SQLite Debug|x64.ActiveCfg = SQLite Debug|Win32
		{FF2376E7-5637-46A4-AE1B-A083D7588552}.SQLite Debug|x86.ActiveCfg = SQLite Debug|Win32
		{FF2376E7-5637-46A4-AE1B-A083D7588552}.SQLite Debug|x86.Build.0 = SQLite Debug|Win32
		{3E64C06E-02CC-4183-92B2-6012CB975413}.Debug|Any CPU.ActiveCfg = Debug|Win32
		{3E64C06E-02CC-4183-92B2-6012CB975413}.Debug|Mixed Platforms.ActiveCfg = Debug|Win32
		{3E64C06E-02CC-4183-92B2-6012CB975413}.Debug|Mixed Platforms.Build.0 = Debug|Win32
		{3E64C06E-02CC-4183-92B2-6012CB975413}.Debug|Win32.ActiveCfg = Debug|Win32
		{3E64C06E-02CC-4183-92B2-6012CB975413}.Debug|Win32.Build.0 = Debug|Win32
		{3E64C06E-02CC-4183-92B2-6012CB975413}.Debug|x64.ActiveCfg = Debug|Win32
		{3E64C06E-02CC-4183-92B2-6012CB975413}.Debug|x86.ActiveCfg = Debug|Win32
		{3E64C06E-02CC-4183-92B2-6012CB975413}.Release|Any CPU.ActiveCfg = Release|Win32
		{3E64C06E-02CC-4183-92B2-6012CB975413}.Release|Any CPU.Build.0 = Release|Win32
		{3E64C06E-02CC-4183-92B2-6012CB975413}.Release|Mixed Platforms.ActiveCfg = Release|Win32
		{3E64C06E-02CC-4183-92B2-6012CB975413}.Release|Mixed Platforms.Build.0 = Release|Win32
		{3E64C06E-02CC-4183-92B2-6012CB975413}.Release|Win32.ActiveCfg = Release|Win32
		{3E64C06E-02CC-4183-92B2-6012CB975413}.Release|Win32.Build.0 = Release|Win32
		{3E64C06E-02CC-4183-92B2-6012CB975413}.Release|x64.ActiveCfg = Release|Win32
		{3E64C06E-02CC-4183-92B2-6012CB975413}.Release|x86.ActiveCfg = Release|Win32
		{3E64C06E-02CC-4183-92B2-6012CB975413}.SQLite Debug|Any CPU.ActiveCfg = SQLite Debug|Win32
		{3E64C06E-02CC-4183-92B2-6012CB975413}.SQLite Debug|Any CPU.Build.0 = SQLite Debug|Win32
		{3E64C06E-02CC-4183-92B2-6012CB975413}.SQLite Debug|Mixed Platforms.ActiveCfg = SQLite Debug|Win32
		{3E64C06E-02CC-4183-92B2-6012CB975413}.SQLite Debug|Mixed Platforms.Build.0 = SQLite Debug|Win32
		{3E64C06E-02CC-4183-92B2-6012CB975413}.SQLite Debug|Win32.ActiveCfg = SQLite Debug|Win32
		{3E64C06E-02CC-4183-92B2-6012CB975413}.SQLite Debug|Win32.Build.0 = SQLite Debug|Win32
		{3E64C06E-02CC-4183-92B2-6012CB975413}.SQLite Debug|x64.ActiveCfg = SQLite Debug|Win32
		{3E64C06E-02CC-4183-92B2-6012CB975413}.SQLite Debug|x86.ActiveCfg = SQLite Debug|Win32
		{3E64C06E-02CC-4183-92B2-6012CB975413}.SQLite Debug|x86.Build.0 = SQLite Debug|Win32
		{3F6DE0CB-51FB-4CB7-A0E1-D933D5886C5E}.Debug|Any CPU.ActiveCfg = Debug|Win32
		{3F6DE0CB-51FB-4CB7-A0E1-D933D5886C5E}.Debug|Mixed Platforms.ActiveCfg = Debug|Win32
		{3F6DE0CB-51FB-4CB7-A0E1-D933D5886C5E}.Debug|Win32.ActiveCfg = Debug|Win32
		{3F6DE0CB-51FB-4CB7-A0E1-D933D5886C5E}.Debug|x64.ActiveCfg = Debug|Win32
		{3F6DE0CB-51FB-4CB7-A0E1-D933D5886C5E}.Debug|x86.ActiveCfg = Debug|Win32
		{3F6DE0CB-51FB-4CB7-A0E1-D933D5886C5E}.Release|Any CPU.ActiveCfg = Release|Win32
		{3F6DE0CB-51FB-4CB7-A0E1-D933D5886C5E}.Release|Mixed Platforms.ActiveCfg = Release|Win32
		{3F6DE0CB-51FB-4CB7-A0E1-D933D5886C5E}.Release|Win32.ActiveCfg = Release|Win32
		{3F6DE0CB-51FB-4CB7-A0E1-D933D5886C5E}.Release|x64.ActiveCfg = Release|Win32
		{3F6DE0CB-51FB-4CB7-A0E1-D933D5886C5E}.Release|x86.ActiveCfg = Release|Win32
		{3F6DE0CB-51FB-4CB7-A0E1-D933D5886C5E}.SQLite Debug|Any CPU.ActiveCfg = SQLite Debug|Win32
		{3F6DE0CB-51FB-4CB7-A0E1-D933D5886C5E}.SQLite Debug|Mixed Platforms.ActiveCfg = SQLite Debug|Win32
		{3F6DE0CB-51FB-4CB7-A0E1-D933D5886C5E}.SQLite Debug|Win32.ActiveCfg = SQLite Debug|Win32
		{3F6DE0CB-51FB-4CB7-A0E1-D933D5886C5E}.SQLite Debug|x64.ActiveCfg = SQLite Debug|Win32
		{3F6DE0CB-51FB-4CB7-A0E1-D933D5886C5E}.SQLite Debug|x86.ActiveCfg = SQLite Debug|Win32
		{3F6DE0CB-51FB-4CB7-A0E1-D933D5886C5E}.SQLite Debug|x86.Build.0 = SQLite Debug|Win32
		{4F69203B-0EA6-4D21-B617-86CAF4B4DC85}.Debug|Any CPU.ActiveCfg = Debug|Win32
		{4F69203B-0EA6-4D21-B617-86CAF4B4DC85}.Debug|Mixed Platforms.ActiveCfg = Debug|Win32
		{4F69203B-0EA6-4D21-B617-86CAF4B4DC85}.Debug|Win32.ActiveCfg = Debug|Win32
		{4F69203B-0EA6-4D21-B617-86CAF4B4DC85}.Debug|Win32.Build.0 = Debug|Win32
		{4F69203B-0EA6-4D21-B617-86CAF4B4DC85}.Debug|x64.ActiveCfg = Debug|Win32
		{4F69203B-0EA6-4D21-B617-86CAF4B4DC85}.Debug|x86.ActiveCfg = Debug|Win32
		{4F69203B-0EA6-4D21-B617-86CAF4B4DC85}.Release|Any CPU.ActiveCfg = Release|Win32
		{4F69203B-0EA6-4D21-B617-86CAF4B4DC85}.Release|Mixed Platforms.ActiveCfg = Release|Win32
		{4F69203B-0EA6-4D21-B617-86CAF4B4DC85}.Release|Win32.ActiveCfg = Release|Win32
		{4F69203B-0EA6-4D21-B617-86CAF4B4DC85}.Release|Win32.Build.0 = Release|Win32
		{4F69203B-0EA6-4D21-B617-86CAF4B4DC85}.Release|x64.ActiveCfg = Release|Win32
		{4F69203B-0EA6-4D21-B617-86CAF4B4DC85}.Release|x86.ActiveCfg = Release|Win32
		{4F69203B-0EA6-4D21-B617-86CAF4B4DC85}.SQLite Debug|Any CPU.ActiveCfg = SQLite Debug|Win32
		{4F69203B-0EA6-4D21-B617-86CAF4B4DC85}.SQLite Debug|Mixed Platforms.ActiveCfg = SQLite Debug|Win32
		{4F69203B-0EA6-4D21-B617-86CAF4B4DC85}.SQLite Debug|Win32.ActiveCfg = SQLite Debug|Win32
		{4F69203B-0EA6-4D21-B617-86CAF4B4DC85}.SQLite Debug|x64.ActiveCfg = SQLite Debug|Win32
		{4F69203B-0EA6-4D21-B617-86CAF4B4DC85}.SQLite Debug|x86.ActiveCfg = SQLite Debug|Win32
		{4F69203B-0EA6-4D21-B617-86CAF4B4DC85}.SQLite Debug|x86.Build.0 = SQLite Debug|Win32
	EndGlobalSection
	GlobalSection(SolutionProperties) = preSolution
		HideSolutionNode = FALSE
	EndGlobalSection
EndGlobal
