<?xml version="1.0" encoding="utf-8"?>
<Project ToolsVersion="4.0" xmlns="http://schemas.microsoft.com/developer/msbuild/2003">
  <ItemGroup>
    <Filter Include="Headers">
      <UniqueIdentifier>{9de0eefe-019f-4ec3-9d8f-46af6bfac377}</UniqueIdentifier>
    </Filter>
    <Filter Include="Sources">
      <UniqueIdentifier>{27ed7ca8-6d3b-4b6c-8e11-02104588b81a}</UniqueIdentifier>
    </Filter>
  </ItemGroup>
  <ItemGroup>
    <ClInclude Include="..\..\..\include\Tests\tests.h">
      <Filter>Headers</Filter>
    </ClInclude>
  </ItemGroup>
  <ItemGroup>
    <ClCompile Include="..\..\..\src\Tests\test_Console.cc">
      <Filter>Sources</Filter>
    </ClCompile>
    <ClCompile Include="..\..\..\src\Tests\test_ModelObjects.cc">
      <Filter>Sources</Filter>
    </ClCompile>
    <ClCompile Include="..\..\..\src\Tests\test_MySQLProvider.cc">
      <Filter>Sources</Filter>
    </ClCompile>
    <ClCompile Include="..\..\..\src\Tests\test_MySQLProvider_Assignments.cc">
      <Filter>Sources</Filter>
    </ClCompile>
    <ClCompile Include="..\..\..\src\Tests\test_MySQLProvider_Connection.cc">
      <Filter>Sources</Filter>
    </ClCompile>
    <ClCompile Include="..\..\..\src\Tests\test_MySQLProvider_Directories.cc">
      <Filter>Sources</Filter>
    </ClCompile>
    <ClCompile Include="..\..\..\src\Tests\test_MySQLProvider_Other.cc">
      <Filter>Sources</Filter>
    </ClCompile>
    <ClCompile Include="..\..\..\src\Tests\test_MySQLProvider_RunRanges.cc">
      <Filter>Sources</Filter>
    </ClCompile>
    <ClCompile Include="..\..\..\src\Tests\test_MySQLProvider_TypeTables.cc">
      <Filter>Sources</Filter>
    </ClCompile>
    <ClCompile Include="..\..\..\src\Tests\test_MySQLProvider_Variations.cc">
      <Filter>Sources</Filter>
    </ClCompile>
    <ClCompile Include="..\..\..\src\Tests\test_PathUtils.cc">
      <Filter>Sources</Filter>
    </ClCompile>
    <ClCompile Include="..\..\..\src\Tests\test_StringUtils.cc">
      <Filter>Sources</Filter>
    </ClCompile>
    <ClCompile Include="..\..\..\src\Tests\tests.cc">
      <Filter>Sources</Filter>
    </ClCompile>
    <ClCompile Include="..\..\..\src\Tests\test_Authentication.cc">
      <Filter>Sources</Filter>
    </ClCompile>
    <ClCompile Include="..\..\..\src\Tests\test_SQLiteProvider_Connection.cc">
      <Filter>Sources</Filter>
    </ClCompile>
    <ClCompile Include="..\..\..\src\Tests\test_SQLiteProvider_Directories.cc">
      <Filter>Sources</Filter>
    </ClCompile>
    <ClCompile Include="..\..\..\src\Tests\test_SQLiteProvider_TypeTables.cc">
      <Filter>Sources</Filter>
    </ClCompile>
    <ClCompile Include="..\..\..\src\Tests\test_SQLiteProvider_Assignments.cc">
      <Filter>Sources</Filter>
    </ClCompile>
    <ClCompile Include="..\..\..\src\Tests\test_SQLiteProvider_Variations.cc">
      <Filter>Sources</Filter>
    </ClCompile>
    <ClCompile Include="..\..\..\src\Tests\test_MySqlUserAPI.cc">
      <Filter>Sources</Filter>
    </ClCompile>
    <ClCompile Include="..\..\..\src\Tests\test_NoMysqlUserAPI.cc">
      <Filter>Sources</Filter>
    </ClCompile>
    <ClCompile Include="..\..\..\src\Tests\test_TimeProvider.cc">
      <Filter>Sources</Filter>
    </ClCompile>
  </ItemGroup>
</Project>